#MicroXplorer Configuration settings - do not modify
Mcu.Family=STM32F0
VP_RTC_VS_RTC_Activate.Signal=RTC_VS_RTC_Activate
ProjectManager.MainLocation=Core/Src
PC15-OSC32_OUT.Mode=LSE-External-Oscillator
RTC.AlarmMaskHours-Alarm\ A=RTC_ALARMMASK_HOURS
RCC.USART1Freq_Value=8000000
ProjectManager.ProjectFileName=Dosimeter_STM32F030C6.ioc
Dma.USART1_TX.0.MemInc=DMA_MINC_ENABLE
Dma.USART1_TX.0.PeriphInc=DMA_PINC_DISABLE
ProjectManager.KeepUserCode=true
Mcu.UserName=STM32F030C6Tx
Mcu.PinsNb=13
PB10.Mode=I2C
ProjectManager.NoMain=true
USART1.BaudRate=115200
RCC.PLLCLKFreq_Value=8000000
VP_IWDG_VS_IWDG.Mode=IWDG_Activate
ProjectManager.functionlistsort=1-MX_GPIO_Init-GPIO-false-HAL-true,2-MX_DMA_Init-DMA-false-HAL-true,3-SystemClock_Config-RCC-false-HAL-true,4-MX_USART1_UART_Init-USART1-false-HAL-true,5-MX_I2C1_Init-I2C1-false-HAL-true,6-MX_IWDG_Init-IWDG-false-HAL-true,7-MX_RTC_Init-RTC-false-HAL-true
VP_RTC_VS_RTC_Activate.Mode=RTC_Enabled
SH.GPXTI0.ConfNb=1
RCC.RTCFreq_Value=32768
ProjectManager.DefaultFWLocation=true
RTC.AlarmMaskMinutes-Alarm\ A=RTC_ALARMMASK_MINUTES
VP_RTC_VS_RTC_Calendar.Signal=RTC_VS_RTC_Calendar
NVIC.SVC_IRQn=true\:0\:0\:false\:false\:true\:false\:false
ProjectManager.DeletePrevious=true
USART1.IPParameters=VirtualMode-Asynchronous,BaudRate
PC14-OSC32_IN.Signal=RCC_OSC32_IN
PB11.Signal=I2C1_SDA
PinOutPanel.RotationAngle=0
RCC.FamilyName=M
VP_RTC_VS_RTC_Alarm_A_Intern.Mode=Alarm A
ProjectManager.StackSize=0x400
NVIC.RTC_IRQn=true\:0\:0\:false\:false\:true\:true\:true
RTC.Seconds_A-Alarm\ A=0
USART1.VirtualMode-Asynchronous=VM_ASYNC
PA3.Mode=Asynchronous
Mcu.IP4=RCC
RCC.FCLKCortexFreq_Value=8000000
Mcu.IP5=RTC
Mcu.IP2=IWDG
Mcu.IP3=NVIC
Mcu.IP0=DMA
Dma.USART1_TX.0.Priority=DMA_PRIORITY_LOW
Mcu.IP1=I2C1
Mcu.UserConstants=
Dma.USART1_TX.0.Direction=DMA_MEMORY_TO_PERIPH
PB11.Mode=I2C
ProjectManager.TargetToolchain=STM32CubeIDE
Mcu.ThirdPartyNb=0
RCC.HCLKFreq_Value=8000000
Mcu.IPNb=8
ProjectManager.PreviousToolchain=
Dma.USART1_TX.0.RequestParameters=Instance,Direction,PeriphInc,MemInc,PeriphDataAlignment,MemDataAlignment,Mode,Priority
RTC.IPParameters=Alarm-Alarm A,Format,Hours,Hours_A-Alarm A,Seconds_A-Alarm A,AlarmMaskSeconds-Alarm A,AlarmMaskMinutes-Alarm A,AlarmMaskHours-Alarm A,AlarmMaskDateWeekDay-Alarm A
Mcu.Pin6=PB10
RTC.Format=RTC_FORMAT_BIN
Mcu.Pin7=PB11
ProjectManager.RegisterCallBack=
Mcu.Pin8=VP_IWDG_VS_IWDG
Mcu.Pin9=VP_RTC_VS_RTC_Activate
PC15-OSC32_OUT.Signal=RCC_OSC32_OUT
RCC.AHBFreq_Value=8000000
Mcu.Pin0=PC14-OSC32_IN
PB1.Locked=true
Mcu.Pin1=PC15-OSC32_OUT
GPIO.groupedBy=Group By Peripherals
Mcu.Pin2=PA2
PB10.Signal=I2C1_SCL
Mcu.Pin3=PA3
Mcu.Pin4=PB0
Mcu.Pin5=PB1
ProjectManager.ProjectBuild=false
Dma.USART1_TX.0.Mode=DMA_NORMAL
board=custom
RCC.Usart1ClockSelection=RCC_USART1CLKSOURCE_SYSCLK
NVIC.SysTick_IRQn=true\:0\:0\:false\:false\:true\:false\:true
RCC.RTCClockSelection=RCC_RTCCLKSOURCE_LSE
RTC.AlarmMaskSeconds-Alarm\ A=RTC_ALARMMASK_SECONDS
ProjectManager.LastFirmware=true
ProjectManager.FirmwarePackage=STM32Cube FW_F0 V1.11.2
MxDb.Version=DB.6.0.21
ProjectManager.BackupPrevious=false
MxCube.Version=6.2.1
PC14-OSC32_IN.Mode=LSE-External-Oscillator
File.Version=6
VP_SYS_VS_Systick.Mode=SysTick
NVIC.NonMaskableInt_IRQn=true\:0\:0\:false\:false\:true\:false\:false
NVIC.PendSV_IRQn=true\:0\:0\:false\:false\:true\:false\:false
ProjectManager.FreePins=false
Dma.USART1_TX.0.PeriphDataAlignment=DMA_PDATAALIGN_BYTE
RCC.IPParameters=AHBFreq_Value,APB1Freq_Value,APB1TimFreq_Value,FCLKCortexFreq_Value,FamilyName,HCLKFreq_Value,PLLCLKFreq_Value,PLLMCOFreq_Value,RTCClockSelection,RTCFreq_Value,TimSysFreq_Value,USART1Freq_Value,Usart1ClockSelection
IWDG.IPParameters=Prescaler
ProjectManager.AskForMigrate=true
Mcu.Name=STM32F030C6Tx
Dma.RequestsNb=1
RTC.Alarm-Alarm\ A=RTC_ALARM_A
ProjectManager.HalAssertFull=false
PB0.Locked=true
RTC.Hours_A-Alarm\ A=0
PA2.Signal=USART1_TX
ProjectManager.ProjectName=Dosimeter_STM32F030C6
ProjectManager.UnderRoot=true
RTC.AlarmMaskDateWeekDay-Alarm\ A=RTC_ALARMMASK_DATEWEEKDAY
Mcu.IP6=SYS
RCC.PLLMCOFreq_Value=8000000
Mcu.IP7=USART1
ProjectManager.CoupleFile=true
RTC.Hours=0
Mcu.Package=LQFP48
PB1.Signal=GPIO_Output
RCC.TimSysFreq_Value=8000000
NVIC.ForceEnableDMAVector=true
KeepUserPlacement=false
VP_RTC_VS_RTC_Alarm_A_Intern.Signal=RTC_VS_RTC_Alarm_A_Intern
ProjectManager.CompilerOptimize=6
ProjectManager.ToolChainLocation=
VP_SYS_VS_Systick.Signal=SYS_VS_Systick
SH.GPXTI0.0=GPIO_EXTI0
Dma.USART1_TX.0.MemDataAlignment=DMA_MDATAALIGN_BYTE
VP_IWDG_VS_IWDG.Signal=IWDG_VS_IWDG
VP_RTC_VS_RTC_Calendar.Mode=RTC_Calendar
ProjectManager.HeapSize=0x200
Dma.USART1_TX.0.Instance=DMA1_Channel2
NVIC.HardFault_IRQn=true\:0\:0\:false\:false\:true\:false\:false
ProjectManager.ComputerToolchain=false
Mcu.Pin11=VP_RTC_VS_RTC_Alarm_A_Intern
Mcu.Pin12=VP_SYS_VS_Systick
Mcu.Pin10=VP_RTC_VS_RTC_Calendar
IWDG.Prescaler=IWDG_PRESCALER_256
NVIC.DMA1_Channel2_3_IRQn=true\:0\:0\:false\:false\:true\:false\:true
RCC.APB1TimFreq_Value=8000000
PA2.Mode=Asynchronous
NVIC.USART1_IRQn=true\:0\:0\:false\:false\:false\:true\:true
Dma.Request0=USART1_TX
RCC.APB1Freq_Value=8000000
PB0.Signal=GPXTI0
ProjectManager.CustomerFirmwarePackage=
ProjectManager.DeviceId=STM32F030C6Tx
NVIC.RCC_IRQn=true\:0\:0\:false\:false\:true\:true\:false
ProjectManager.LibraryCopy=1
PA3.Signal=USART1_RX
NVIC.EXTI0_1_IRQn=true\:0\:0\:false\:false\:true\:true\:true
isbadioc=false
